
Microsoft Visual Studio Solution File, Format Version 10.00
# Visual Studio 2008
Project("{FAE04EC0-301F-11D3-BF4B-00C04F79EFBC}") = "DPX", "DPX\DPX.csproj", "{62771B0D-F779-413E-B344-CF4E2038E3EF}"
EndProject
Project("{FAE04EC0-301F-11D3-BF4B-00C04F79EFBC}") = "QuickReader", "QuickReader\QuickReader.csproj", "{C05354D4-086C-4DF8-BC63-F42CD0F7A036}"
EndProject
Project("{FAE04EC0-301F-11D3-BF4B-00C04F79EFBC}") = "UnitTests", "UnitTests\UnitTests.csproj", "{A19B1B47-2213-48DA-AE12-406FC665C73C}"
EndProject
Project("{FAE04EC0-301F-11D3-BF4B-00C04F79EFBC}") = "Preview", "Preview\Preview.csproj", "{107A5897-5275-476B-81D7-C0A01EF976B7}"
EndProject
Project("{FAE04EC0-301F-11D3-BF4B-00C04F79EFBC}") = "DyKnowPanelSorter", "DyKnowPanelSorter\DyKnowPanelSorter.csproj", "{A282959D-2118-4A11-8A8A-A39939CEFD43}"
EndProject
Global
	GlobalSection(SubversionScc) = preSolution
		Svn-Managed = True
		Manager = AnkhSVN - Subversion Support for Visual Studio
	EndGlobalSection
	GlobalSection(SolutionConfigurationPlatforms) = preSolution
		Debug|Any CPU = Debug|Any CPU
		Release|Any CPU = Release|Any CPU
	EndGlobalSection
	GlobalSection(ProjectConfigurationPlatforms) = postSolution
		{62771B0D-F779-413E-B344-CF4E2038E3EF}.Debug|Any CPU.ActiveCfg = Debug|Any CPU
		{62771B0D-F779-413E-B344-CF4E2038E3EF}.Debug|Any CPU.Build.0 = Debug|Any CPU
		{62771B0D-F779-413E-B344-CF4E2038E3EF}.Release|Any CPU.ActiveCfg = Release|Any CPU
		{62771B0D-F779-413E-B344-CF4E2038E3EF}.Release|Any CPU.Build.0 = Release|Any CPU
		{C05354D4-086C-4DF8-BC63-F42CD0F7A036}.Debug|Any CPU.ActiveCfg = Debug|Any CPU
		{C05354D4-086C-4DF8-BC63-F42CD0F7A036}.Debug|Any CPU.Build.0 = Debug|Any CPU
		{C05354D4-086C-4DF8-BC63-F42CD0F7A036}.Release|Any CPU.ActiveCfg = Release|Any CPU
		{C05354D4-086C-4DF8-BC63-F42CD0F7A036}.Release|Any CPU.Build.0 = Release|Any CPU
		{A19B1B47-2213-48DA-AE12-406FC665C73C}.Debug|Any CPU.ActiveCfg = Debug|Any CPU
		{A19B1B47-2213-48DA-AE12-406FC665C73C}.Debug|Any CPU.Build.0 = Debug|Any CPU
		{A19B1B47-2213-48DA-AE12-406FC665C73C}.Release|Any CPU.ActiveCfg = Release|Any CPU
		{A19B1B47-2213-48DA-AE12-406FC665C73C}.Release|Any CPU.Build.0 = Release|Any CPU
		{107A5897-5275-476B-81D7-C0A01EF976B7}.Debug|Any CPU.ActiveCfg = Debug|Any CPU
		{107A5897-5275-476B-81D7-C0A01EF976B7}.Debug|Any CPU.Build.0 = Debug|Any CPU
		{107A5897-5275-476B-81D7-C0A01EF976B7}.Release|Any CPU.ActiveCfg = Release|Any CPU
		{107A5897-5275-476B-81D7-C0A01EF976B7}.Release|Any CPU.Build.0 = Release|Any CPU
		{A282959D-2118-4A11-8A8A-A39939CEFD43}.Debug|Any CPU.ActiveCfg = Debug|Any CPU
		{A282959D-2118-4A11-8A8A-A39939CEFD43}.Debug|Any CPU.Build.0 = Debug|Any CPU
		{A282959D-2118-4A11-8A8A-A39939CEFD43}.Release|Any CPU.ActiveCfg = Release|Any CPU
		{A282959D-2118-4A11-8A8A-A39939CEFD43}.Release|Any CPU.Build.0 = Release|Any CPU
	EndGlobalSection
	GlobalSection(SolutionProperties) = preSolution
		HideSolutionNode = FALSE
	EndGlobalSection
EndGlobal
